
Microsoft Visual Studio Solution File, Format Version 12.00
# Visual Studio Version 16
VisualStudioVersion = 16.0.29123.88
MinimumVisualStudioVersion = 10.0.40219.1
Project("{FAE04EC0-301F-11D3-BF4B-00C04F79EFBC}") = "Tema1Console", "Tema1Console\Tema1Console.csproj", "{8A399B20-2452-4F6D-BABD-5611E7035511}"
EndProject
Global
	GlobalSection(SolutionConfigurationPlatforms) = preSolution
		Debug|Any CPU = Debug|Any CPU
		Release|Any CPU = Release|Any CPU
	EndGlobalSection
	GlobalSection(ProjectConfigurationPlatforms) = postSolution
		{8A399B20-2452-4F6D-BABD-5611E7035511}.Debug|Any CPU.ActiveCfg = Debug|Any CPU
		{8A399B20-2452-4F6D-BABD-5611E7035511}.Debug|Any CPU.Build.0 = Debug|Any CPU
		{8A399B20-2452-4F6D-BABD-5611E7035511}.Release|Any CPU.ActiveCfg = Release|Any CPU
		{8A399B20-2452-4F6D-BABD-5611E7035511}.Release|Any CPU.Build.0 = Release|Any CPU
	EndGlobalSection
	GlobalSection(SolutionProperties) = preSolution
		HideSolutionNode = FALSE
	EndGlobalSection
	GlobalSection(ExtensibilityGlobals) = postSolution
		SolutionGuid = {9A837081-C89D-4414-AA83-DF3E33BC6EF0}
	EndGlobalSection
EndGlobal
