
Microsoft Visual Studio Solution File, Format Version 12.00
# Visual Studio Version 16
VisualStudioVersion = 16.0.29123.88
MinimumVisualStudioVersion = 10.0.40219.1
Project("{FAE04EC0-301F-11D3-BF4B-00C04F79EFBC}") = "Tema4_Ejercicio5", "Tema4_Ejercicio5\Tema4_Ejercicio5.csproj", "{B7AA0247-1F1B-4C40-98F8-44587656DC85}"
EndProject
Global
	GlobalSection(SolutionConfigurationPlatforms) = preSolution
		Debug|Any CPU = Debug|Any CPU
		Release|Any CPU = Release|Any CPU
	EndGlobalSection
	GlobalSection(ProjectConfigurationPlatforms) = postSolution
		{B7AA0247-1F1B-4C40-98F8-44587656DC85}.Debug|Any CPU.ActiveCfg = Debug|Any CPU
		{B7AA0247-1F1B-4C40-98F8-44587656DC85}.Debug|Any CPU.Build.0 = Debug|Any CPU
		{B7AA0247-1F1B-4C40-98F8-44587656DC85}.Release|Any CPU.ActiveCfg = Release|Any CPU
		{B7AA0247-1F1B-4C40-98F8-44587656DC85}.Release|Any CPU.Build.0 = Release|Any CPU
	EndGlobalSection
	GlobalSection(SolutionProperties) = preSolution
		HideSolutionNode = FALSE
	EndGlobalSection
	GlobalSection(ExtensibilityGlobals) = postSolution
		SolutionGuid = {F3D0C25E-0B28-4698-9A4E-A0053B70C08E}
	EndGlobalSection
EndGlobal
