
Microsoft Visual Studio Solution File, Format Version 12.00
# Visual Studio Version 16
VisualStudioVersion = 16.0.29326.143
MinimumVisualStudioVersion = 10.0.40219.1
Project("{FAE04EC0-301F-11D3-BF4B-00C04F79EFBC}") = "Hilos_1", "Hilos_1\Hilos_1.csproj", "{6696112B-C501-41AE-BFD7-0A7B8341ABE1}"
EndProject
Project("{FAE04EC0-301F-11D3-BF4B-00C04F79EFBC}") = "Hilos_2", "Hilos_2\Hilos_2.csproj", "{D0CE1D44-2B39-4468-BCCA-C036EC2328A1}"
EndProject
Project("{FAE04EC0-301F-11D3-BF4B-00C04F79EFBC}") = "Hilos_3", "Hilos_3\Hilos_3.csproj", "{F700B1DA-ED8A-4F3F-AE56-1E010D13936A}"
EndProject
Project("{FAE04EC0-301F-11D3-BF4B-00C04F79EFBC}") = "Hilos_4", "Hilos_4\Hilos_4.csproj", "{707E64C8-9684-4D97-A55A-F9AFDB93F253}"
EndProject
Project("{FAE04EC0-301F-11D3-BF4B-00C04F79EFBC}") = "Hilos_5", "Hilos_5\Hilos_5.csproj", "{2FC1E158-2047-4055-9A6F-5E744363A20A}"
EndProject
Project("{FAE04EC0-301F-11D3-BF4B-00C04F79EFBC}") = "Hilos_6", "Hilos_6\Hilos_6.csproj", "{B4B25485-D2E5-4878-B7D3-422D0AD97683}"
EndProject
Global
	GlobalSection(SolutionConfigurationPlatforms) = preSolution
		Debug|Any CPU = Debug|Any CPU
		Release|Any CPU = Release|Any CPU
	EndGlobalSection
	GlobalSection(ProjectConfigurationPlatforms) = postSolution
		{6696112B-C501-41AE-BFD7-0A7B8341ABE1}.Debug|Any CPU.ActiveCfg = Debug|Any CPU
		{6696112B-C501-41AE-BFD7-0A7B8341ABE1}.Debug|Any CPU.Build.0 = Debug|Any CPU
		{6696112B-C501-41AE-BFD7-0A7B8341ABE1}.Release|Any CPU.ActiveCfg = Release|Any CPU
		{6696112B-C501-41AE-BFD7-0A7B8341ABE1}.Release|Any CPU.Build.0 = Release|Any CPU
		{D0CE1D44-2B39-4468-BCCA-C036EC2328A1}.Debug|Any CPU.ActiveCfg = Debug|Any CPU
		{D0CE1D44-2B39-4468-BCCA-C036EC2328A1}.Debug|Any CPU.Build.0 = Debug|Any CPU
		{D0CE1D44-2B39-4468-BCCA-C036EC2328A1}.Release|Any CPU.ActiveCfg = Release|Any CPU
		{D0CE1D44-2B39-4468-BCCA-C036EC2328A1}.Release|Any CPU.Build.0 = Release|Any CPU
		{F700B1DA-ED8A-4F3F-AE56-1E010D13936A}.Debug|Any CPU.ActiveCfg = Debug|Any CPU
		{F700B1DA-ED8A-4F3F-AE56-1E010D13936A}.Debug|Any CPU.Build.0 = Debug|Any CPU
		{F700B1DA-ED8A-4F3F-AE56-1E010D13936A}.Release|Any CPU.ActiveCfg = Release|Any CPU
		{F700B1DA-ED8A-4F3F-AE56-1E010D13936A}.Release|Any CPU.Build.0 = Release|Any CPU
		{707E64C8-9684-4D97-A55A-F9AFDB93F253}.Debug|Any CPU.ActiveCfg = Debug|Any CPU
		{707E64C8-9684-4D97-A55A-F9AFDB93F253}.Debug|Any CPU.Build.0 = Debug|Any CPU
		{707E64C8-9684-4D97-A55A-F9AFDB93F253}.Release|Any CPU.ActiveCfg = Release|Any CPU
		{707E64C8-9684-4D97-A55A-F9AFDB93F253}.Release|Any CPU.Build.0 = Release|Any CPU
		{2FC1E158-2047-4055-9A6F-5E744363A20A}.Debug|Any CPU.ActiveCfg = Debug|Any CPU
		{2FC1E158-2047-4055-9A6F-5E744363A20A}.Debug|Any CPU.Build.0 = Debug|Any CPU
		{2FC1E158-2047-4055-9A6F-5E744363A20A}.Release|Any CPU.ActiveCfg = Release|Any CPU
		{2FC1E158-2047-4055-9A6F-5E744363A20A}.Release|Any CPU.Build.0 = Release|Any CPU
		{B4B25485-D2E5-4878-B7D3-422D0AD97683}.Debug|Any CPU.ActiveCfg = Debug|Any CPU
		{B4B25485-D2E5-4878-B7D3-422D0AD97683}.Debug|Any CPU.Build.0 = Debug|Any CPU
		{B4B25485-D2E5-4878-B7D3-422D0AD97683}.Release|Any CPU.ActiveCfg = Release|Any CPU
		{B4B25485-D2E5-4878-B7D3-422D0AD97683}.Release|Any CPU.Build.0 = Release|Any CPU
	EndGlobalSection
	GlobalSection(SolutionProperties) = preSolution
		HideSolutionNode = FALSE
	EndGlobalSection
	GlobalSection(ExtensibilityGlobals) = postSolution
		SolutionGuid = {771099C5-8BA9-434D-9066-AA150F7C9995}
	EndGlobalSection
EndGlobal
