
Microsoft Visual Studio Solution File, Format Version 12.00
# Visual Studio Version 16
VisualStudioVersion = 16.0.29123.88
MinimumVisualStudioVersion = 10.0.40219.1
Project("{FAE04EC0-301F-11D3-BF4B-00C04F79EFBC}") = "T4_E1", "T4_E1\T4_E1.csproj", "{BB2BA294-06FE-49AC-9DBF-43A618FBDEF3}"
EndProject
Global
	GlobalSection(SolutionConfigurationPlatforms) = preSolution
		Debug|Any CPU = Debug|Any CPU
		Release|Any CPU = Release|Any CPU
	EndGlobalSection
	GlobalSection(ProjectConfigurationPlatforms) = postSolution
		{BB2BA294-06FE-49AC-9DBF-43A618FBDEF3}.Debug|Any CPU.ActiveCfg = Debug|Any CPU
		{BB2BA294-06FE-49AC-9DBF-43A618FBDEF3}.Debug|Any CPU.Build.0 = Debug|Any CPU
		{BB2BA294-06FE-49AC-9DBF-43A618FBDEF3}.Release|Any CPU.ActiveCfg = Release|Any CPU
		{BB2BA294-06FE-49AC-9DBF-43A618FBDEF3}.Release|Any CPU.Build.0 = Release|Any CPU
	EndGlobalSection
	GlobalSection(SolutionProperties) = preSolution
		HideSolutionNode = FALSE
	EndGlobalSection
	GlobalSection(ExtensibilityGlobals) = postSolution
		SolutionGuid = {3845F663-6FEF-4E0D-A84A-A5833C60A94C}
	EndGlobalSection
EndGlobal
