
Microsoft Visual Studio Solution File, Format Version 12.00
# Visual Studio Version 16
VisualStudioVersion = 16.0.29123.88
MinimumVisualStudioVersion = 10.0.40219.1
Project("{FAE04EC0-301F-11D3-BF4B-00C04F79EFBC}") = "Tema4", "Tema4\Tema4.csproj", "{EC79708A-BD52-4395-8366-7B979F04C47F}"
EndProject
Global
	GlobalSection(SolutionConfigurationPlatforms) = preSolution
		Debug|Any CPU = Debug|Any CPU
		Release|Any CPU = Release|Any CPU
	EndGlobalSection
	GlobalSection(ProjectConfigurationPlatforms) = postSolution
		{EC79708A-BD52-4395-8366-7B979F04C47F}.Debug|Any CPU.ActiveCfg = Debug|Any CPU
		{EC79708A-BD52-4395-8366-7B979F04C47F}.Debug|Any CPU.Build.0 = Debug|Any CPU
		{EC79708A-BD52-4395-8366-7B979F04C47F}.Release|Any CPU.ActiveCfg = Release|Any CPU
		{EC79708A-BD52-4395-8366-7B979F04C47F}.Release|Any CPU.Build.0 = Release|Any CPU
	EndGlobalSection
	GlobalSection(SolutionProperties) = preSolution
		HideSolutionNode = FALSE
	EndGlobalSection
	GlobalSection(ExtensibilityGlobals) = postSolution
		SolutionGuid = {CEB94B0C-8148-4EEE-A9C5-8E51CFF8D6F8}
	EndGlobalSection
EndGlobal
